{
  "lockfile-version": 1,
  "manifest": {
    "schema-version": "1.11.0",
    "install": {
      "cargo": {
        "pkg-path": "cargo",
        "version": "^1.94.1"
      },
      "claude-code": {
        "pkg-path": "claude-code",
        "version": "^2.1.137"
      },
      "clippy": {
        "pkg-path": "clippy",
        "version": "^1.94.1"
      },
      "go-task": {
        "pkg-path": "go-task",
        "version": "3.48.0"
      },
      "infer": {
        "flake": "github:inference-gateway/cli/v0.109.6"
      },
      "markdownlint-cli": {
        "pkg-path": "markdownlint-cli",
        "version": "0.48.0"
      },
      "rustc": {
        "pkg-path": "rustc",
        "version": "^1.94.1"
      },
      "rustfmt": {
        "pkg-path": "rustfmt",
        "version": "^1.94.1"
      }
    },
    "options": {}
  },
  "packages": [
    {
      "attr_path": "cargo",
      "broken": false,
      "derivation": "/nix/store/mhfz9lksz7j42p6p12qf01jvhxkza56b-cargo-1.94.1.drv",
      "description": "Downloads your Rust project's dependencies and builds your project",
      "install_id": "cargo",
      "license": "[ MIT, Apache-2.0 ]",
      "locked_url": "https://github.com/flox/nixpkgs?rev=da5ad661ba4e5ef59ba743f0d112cbc30e474f32",
      "name": "cargo-1.94.1",
      "pname": "cargo",
      "rev": "da5ad661ba4e5ef59ba743f0d112cbc30e474f32",
      "rev_count": 995699,
      "rev_date": "2026-05-10T19:57:52Z",
      "scrape_date": "2026-05-13T08:52:39.952192Z",
      "stabilities": [
        "unstable"
      ],
      "unfree": false,
      "version": "1.94.1",
      "outputs_to_install": [
        "out"
      ],
      "outputs": {
        "out": "/nix/store/mlrgd5zljyrxl15ryn31w15w48f6yii5-cargo-1.94.1"
      },
      "system": "aarch64-darwin",
      "group": "toplevel",
      "priority": 5
    },
    {
      "attr_path": "cargo",
      "broken": false,
      "derivation": "/nix/store/6bfplk5v76lnh4hi247n3hpkdn6wmvd2-cargo-1.94.1.drv",
      "description": "Downloads your Rust project's dependencies and builds your project",
      "install_id": "cargo",
      "license": "[ MIT, Apache-2.0 ]",
      "locked_url": "https://github.com/flox/nixpkgs?rev=da5ad661ba4e5ef59ba743f0d112cbc30e474f32",
      "name": "cargo-1.94.1",
      "pname": "cargo",
      "rev": "da5ad661ba4e5ef59ba743f0d112cbc30e474f32",
      "rev_count": 995699,
      "rev_date": "2026-05-10T19:57:52Z",
      "scrape_date": "2026-05-13T09:22:13.556273Z",
      "stabilities": [
        "unstable"
      ],
      "unfree": false,
      "version": "1.94.1",
      "outputs_to_install": [
        "out"
      ],
      "outputs": {
        "out": "/nix/store/fvmmpmsik6551c334wgvx8smifj2fibf-cargo-1.94.1"
      },
      "system": "aarch64-linux",
      "group": "toplevel",
      "priority": 5
    },
    {
      "attr_path": "cargo",
      "broken": false,
      "derivation": "/nix/store/a1c18rdz7lv7ljs5di5pc0qjv4c54jcl-cargo-1.94.1.drv",
      "description": "Downloads your Rust project's dependencies and builds your project",
      "install_id": "cargo",
      "license": "[ MIT, Apache-2.0 ]",
      "locked_url": "https://github.com/flox/nixpkgs?rev=da5ad661ba4e5ef59ba743f0d112cbc30e474f32",
      "name": "cargo-1.94.1",
      "pname": "cargo",
      "rev": "da5ad661ba4e5ef59ba743f0d112cbc30e474f32",
      "rev_count": 995699,
      "rev_date": "2026-05-10T19:57:52Z",
      "scrape_date": "2026-05-13T09:55:21.692927Z",
      "stabilities": [
        "unstable"
      ],
      "unfree": false,
      "version": "1.94.1",
      "outputs_to_install": [
        "out"
      ],
      "outputs": {
        "out": "/nix/store/10bhh3gsrw2xfg3fr53pip6rdzcz2sfp-cargo-1.94.1"
      },
      "system": "x86_64-darwin",
      "group": "toplevel",
      "priority": 5
    },
    {
      "attr_path": "cargo",
      "broken": false,
      "derivation": "/nix/store/c9l4gcfchsfff7xgn5a5b258jdlncpwk-cargo-1.94.1.drv",
      "description": "Downloads your Rust project's dependencies and builds your project",
      "install_id": "cargo",
      "license": "[ MIT, Apache-2.0 ]",
      "locked_url": "https://github.com/flox/nixpkgs?rev=da5ad661ba4e5ef59ba743f0d112cbc30e474f32",
      "name": "cargo-1.94.1",
      "pname": "cargo",
      "rev": "da5ad661ba4e5ef59ba743f0d112cbc30e474f32",
      "rev_count": 995699,
      "rev_date": "2026-05-10T19:57:52Z",
      "scrape_date": "2026-05-13T10:36:01.905971Z",
      "stabilities": [
        "unstable"
      ],
      "unfree": false,
      "version": "1.94.1",
      "outputs_to_install": [
        "out"
      ],
      "outputs": {
        "out": "/nix/store/z382dzkk7snk51ka6n4f3b953dcdm8fc-cargo-1.94.1"
      },
      "system": "x86_64-linux",
      "group": "toplevel",
      "priority": 5
    },
    {
      "attr_path": "claude-code",
      "broken": false,
      "derivation": "/nix/store/4zqa1b9nnv8prmi3m8cicyl1zgj1y56f-claude-code-2.1.137.drv",
      "description": "Agentic coding tool that lives in your terminal, understands your codebase, and helps you code faster",
      "install_id": "claude-code",
      "license": "Unfree",
      "locked_url": "https://github.com/flox/nixpkgs?rev=da5ad661ba4e5ef59ba743f0d112cbc30e474f32",
      "name": "claude-code-2.1.137",
      "pname": "claude-code",
      "rev": "da5ad661ba4e5ef59ba743f0d112cbc30e474f32",
      "rev_count": 995699,
      "rev_date": "2026-05-10T19:57:52Z",
      "scrape_date": "2026-05-13T08:52:40.201779Z",
      "stabilities": [
        "unstable"
      ],
      "unfree": true,
      "version": "2.1.137",
      "outputs_to_install": [
        "out"
      ],
      "outputs": {
        "out": "/nix/store/psv5iq3kacx22b4qq374010b24s4z38c-claude-code-2.1.137"
      },
      "system": "aarch64-darwin",
      "group": "toplevel",
      "priority": 5
    },
    {
      "attr_path": "claude-code",
      "broken": false,
      "derivation": "/nix/store/gbpzw87nim6gkmf07isgz0hfn6p0m44x-claude-code-2.1.137.drv",
      "description": "Agentic coding tool that lives in your terminal, understands your codebase, and helps you code faster",
      "install_id": "claude-code",
      "license": "Unfree",
      "locked_url": "https://github.com/flox/nixpkgs?rev=da5ad661ba4e5ef59ba743f0d112cbc30e474f32",
      "name": "claude-code-2.1.137",
      "pname": "claude-code",
      "rev": "da5ad661ba4e5ef59ba743f0d112cbc30e474f32",
      "rev_count": 995699,
      "rev_date": "2026-05-10T19:57:52Z",
      "scrape_date": "2026-05-13T09:22:13.779407Z",
      "stabilities": [
        "unstable"
      ],
      "unfree": true,
      "version": "2.1.137",
      "outputs_to_install": [
        "out"
      ],
      "outputs": {
        "out": "/nix/store/2na2gzdmbkyzlnjhxq81jk1cgkaz8i19-claude-code-2.1.137"
      },
      "system": "aarch64-linux",
      "group": "toplevel",
      "priority": 5
    },
    {
      "attr_path": "claude-code",
      "broken": false,
      "derivation": "/nix/store/2a015az5fvhva70kymkkbvb8mdhbpbyg-claude-code-2.1.137.drv",
      "description": "Agentic coding tool that lives in your terminal, understands your codebase, and helps you code faster",
      "install_id": "claude-code",
      "license": "Unfree",
      "locked_url": "https://github.com/flox/nixpkgs?rev=da5ad661ba4e5ef59ba743f0d112cbc30e474f32",
      "name": "claude-code-2.1.137",
      "pname": "claude-code",
      "rev": "da5ad661ba4e5ef59ba743f0d112cbc30e474f32",
      "rev_count": 995699,
      "rev_date": "2026-05-10T19:57:52Z",
      "scrape_date": "2026-05-13T09:55:21.872115Z",
      "stabilities": [
        "unstable"
      ],
      "unfree": true,
      "version": "2.1.137",
      "outputs_to_install": [
        "out"
      ],
      "outputs": {
        "out": "/nix/store/aqdcz4vyl7gyqy6rswaxvbipsn7f4ps9-claude-code-2.1.137"
      },
      "system": "x86_64-darwin",
      "group": "toplevel",
      "priority": 5
    },
    {
      "attr_path": "claude-code",
      "broken": false,
      "derivation": "/nix/store/h2pihb5klf8fija7g41jsxf6z58vic26-claude-code-2.1.137.drv",
      "description": "Agentic coding tool that lives in your terminal, understands your codebase, and helps you code faster",
      "install_id": "claude-code",
      "license": "Unfree",
      "locked_url": "https://github.com/flox/nixpkgs?rev=da5ad661ba4e5ef59ba743f0d112cbc30e474f32",
      "name": "claude-code-2.1.137",
      "pname": "claude-code",
      "rev": "da5ad661ba4e5ef59ba743f0d112cbc30e474f32",
      "rev_count": 995699,
      "rev_date": "2026-05-10T19:57:52Z",
      "scrape_date": "2026-05-13T10:36:02.166153Z",
      "stabilities": [
        "unstable"
      ],
      "unfree": true,
      "version": "2.1.137",
      "outputs_to_install": [
        "out"
      ],
      "outputs": {
        "out": "/nix/store/325qy6bkl1lrwrhz6s1mzzqpdswzvz7g-claude-code-2.1.137"
      },
      "system": "x86_64-linux",
      "group": "toplevel",
      "priority": 5
    },
    {
      "attr_path": "clippy",
      "broken": false,
      "derivation": "/nix/store/v4nlcfsnm4hgb5bk5anhm5m6mgb7rky5-clippy-1.94.1.drv",
      "description": "Bunch of lints to catch common mistakes and improve your Rust code",
      "install_id": "clippy",
      "license": "[ MIT, Apache-2.0 ]",
      "locked_url": "https://github.com/flox/nixpkgs?rev=da5ad661ba4e5ef59ba743f0d112cbc30e474f32",
      "name": "clippy-1.94.1",
      "pname": "clippy",
      "rev": "da5ad661ba4e5ef59ba743f0d112cbc30e474f32",
      "rev_count": 995699,
      "rev_date": "2026-05-10T19:57:52Z",
      "scrape_date": "2026-05-13T08:52:40.210970Z",
      "stabilities": [
        "unstable"
      ],
      "unfree": false,
      "version": "1.94.1",
      "outputs_to_install": [
        "out"
      ],
      "outputs": {
        "out": "/nix/store/z9jrilf49s8prkiicxlfapbi6hj9dz03-clippy-1.94.1"
      },
      "system": "aarch64-darwin",
      "group": "toplevel",
      "priority": 5
    },
    {
      "attr_path": "clippy",
      "broken": false,
      "derivation": "/nix/store/3z09y3m9np8c146bqzkrks87dcaczlp4-clippy-1.94.1.drv",
      "description": "Bunch of lints to catch common mistakes and improve your Rust code",
      "install_id": "clippy",
      "license": "[ MIT, Apache-2.0 ]",
      "locked_url": "https://github.com/flox/nixpkgs?rev=da5ad661ba4e5ef59ba743f0d112cbc30e474f32",
      "name": "clippy-1.94.1",
      "pname": "clippy",
      "rev": "da5ad661ba4e5ef59ba743f0d112cbc30e474f32",
      "rev_count": 995699,
      "rev_date": "2026-05-10T19:57:52Z",
      "scrape_date": "2026-05-13T09:22:13.794098Z",
      "stabilities": [
        "unstable"
      ],
      "unfree": false,
      "version": "1.94.1",
      "outputs_to_install": [
        "out"
      ],
      "outputs": {
        "debug": "/nix/store/svpaxsn34mgdzhgyrgdvw68fl14g1s8x-clippy-1.94.1-debug",
        "out": "/nix/store/0ag0s1wxh9l5fldh6j0318qpmzy7sn5r-clippy-1.94.1"
      },
      "system": "aarch64-linux",
      "group": "toplevel",
      "priority": 5
    },
    {
      "attr_path": "clippy",
      "broken": false,
      "derivation": "/nix/store/llmw9bxfgnidg9k3v97iplml2pba090r-clippy-1.94.1.drv",
      "description": "Bunch of lints to catch common mistakes and improve your Rust code",
      "install_id": "clippy",
      "license": "[ MIT, Apache-2.0 ]",
      "locked_url": "https://github.com/flox/nixpkgs?rev=da5ad661ba4e5ef59ba743f0d112cbc30e474f32",
      "name": "clippy-1.94.1",
      "pname": "clippy",
      "rev": "da5ad661ba4e5ef59ba743f0d112cbc30e474f32",
      "rev_count": 995699,
      "rev_date": "2026-05-10T19:57:52Z",
      "scrape_date": "2026-05-13T09:55:21.880881Z",
      "stabilities": [
        "unstable"
      ],
      "unfree": false,
      "version": "1.94.1",
      "outputs_to_install": [
        "out"
      ],
      "outputs": {
        "out": "/nix/store/874dlfzia6nhc8f9iwqnh8cg79ga3rw4-clippy-1.94.1"
      },
      "system": "x86_64-darwin",
      "group": "toplevel",
      "priority": 5
    },
    {
      "attr_path": "clippy",
      "broken": false,
      "derivation": "/nix/store/8ywplcds2ark9vaq3804hc6zskird1c4-clippy-1.94.1.drv",
      "description": "Bunch of lints to catch common mistakes and improve your Rust code",
      "install_id": "clippy",
      "license": "[ MIT, Apache-2.0 ]",
      "locked_url": "https://github.com/flox/nixpkgs?rev=da5ad661ba4e5ef59ba743f0d112cbc30e474f32",
      "name": "clippy-1.94.1",
      "pname": "clippy",
      "rev": "da5ad661ba4e5ef59ba743f0d112cbc30e474f32",
      "rev_count": 995699,
      "rev_date": "2026-05-10T19:57:52Z",
      "scrape_date": "2026-05-13T10:36:02.181377Z",
      "stabilities": [
        "unstable"
      ],
      "unfree": false,
      "version": "1.94.1",
      "outputs_to_install": [
        "out"
      ],
      "outputs": {
        "debug": "/nix/store/2970l2zp3wwb361mabagg9gfgnwkn9s2-clippy-1.94.1-debug",
        "out": "/nix/store/wavkh1sj2fb7cclydhj1q15k7dcha91x-clippy-1.94.1"
      },
      "system": "x86_64-linux",
      "group": "toplevel",
      "priority": 5
    },
    {
      "attr_path": "go-task",
      "broken": false,
      "derivation": "/nix/store/nb7wzw4x040dz0zxvg987i0vv89fa6ck-go-task-3.48.0.drv",
      "description": "Task runner / simpler Make alternative written in Go",
      "install_id": "go-task",
      "license": "MIT",
      "locked_url": "https://github.com/flox/nixpkgs?rev=da5ad661ba4e5ef59ba743f0d112cbc30e474f32",
      "name": "go-task-3.48.0",
      "pname": "go-task",
      "rev": "da5ad661ba4e5ef59ba743f0d112cbc30e474f32",
      "rev_count": 995699,
      "rev_date": "2026-05-10T19:57:52Z",
      "scrape_date": "2026-05-13T08:52:41.292744Z",
      "stabilities": [
        "unstable"
      ],
      "unfree": false,
      "version": "3.48.0",
      "outputs_to_install": [
        "out"
      ],
      "outputs": {
        "out": "/nix/store/gx97hxd28ymbxf2nj4kq6masld4qk7yw-go-task-3.48.0"
      },
      "system": "aarch64-darwin",
      "group": "toplevel",
      "priority": 5
    },
    {
      "attr_path": "go-task",
      "broken": false,
      "derivation": "/nix/store/y3q5bpvw5smpm2y97azm4sp8cin7l9vg-go-task-3.48.0.drv",
      "description": "Task runner / simpler Make alternative written in Go",
      "install_id": "go-task",
      "license": "MIT",
      "locked_url": "https://github.com/flox/nixpkgs?rev=da5ad661ba4e5ef59ba743f0d112cbc30e474f32",
      "name": "go-task-3.48.0",
      "pname": "go-task",
      "rev": "da5ad661ba4e5ef59ba743f0d112cbc30e474f32",
      "rev_count": 995699,
      "rev_date": "2026-05-10T19:57:52Z",
      "scrape_date": "2026-05-13T09:22:15.829Z",
      "stabilities": [
        "unstable"
      ],
      "unfree": false,
      "version": "3.48.0",
      "outputs_to_install": [
        "out"
      ],
      "outputs": {
        "out": "/nix/store/di0pkf2d113g9nkcbm4p51sgivfbkcxg-go-task-3.48.0"
      },
      "system": "aarch64-linux",
      "group": "toplevel",
      "priority": 5
    },
    {
      "attr_path": "go-task",
      "broken": false,
      "derivation": "/nix/store/31ix4zbv7rw8zrw0m4qkqb8pjlpd7nrp-go-task-3.48.0.drv",
      "description": "Task runner / simpler Make alternative written in Go",
      "install_id": "go-task",
      "license": "MIT",
      "locked_url": "https://github.com/flox/nixpkgs?rev=da5ad661ba4e5ef59ba743f0d112cbc30e474f32",
      "name": "go-task-3.48.0",
      "pname": "go-task",
      "rev": "da5ad661ba4e5ef59ba743f0d112cbc30e474f32",
      "rev_count": 995699,
      "rev_date": "2026-05-10T19:57:52Z",
      "scrape_date": "2026-05-13T09:55:22.908386Z",
      "stabilities": [
        "unstable"
      ],
      "unfree": false,
      "version": "3.48.0",
      "outputs_to_install": [
        "out"
      ],
      "outputs": {
        "out": "/nix/store/4mdamkq6v7xi11525ah95nb4psdd1a9m-go-task-3.48.0"
      },
      "system": "x86_64-darwin",
      "group": "toplevel",
      "priority": 5
    },
    {
      "attr_path": "go-task",
      "broken": false,
      "derivation": "/nix/store/48fsygvnlrh7g8na7y0wxc750bqwpzpc-go-task-3.48.0.drv",
      "description": "Task runner / simpler Make alternative written in Go",
      "install_id": "go-task",
      "license": "MIT",
      "locked_url": "https://github.com/flox/nixpkgs?rev=da5ad661ba4e5ef59ba743f0d112cbc30e474f32",
      "name": "go-task-3.48.0",
      "pname": "go-task",
      "rev": "da5ad661ba4e5ef59ba743f0d112cbc30e474f32",
      "rev_count": 995699,
      "rev_date": "2026-05-10T19:57:52Z",
      "scrape_date": "2026-05-13T10:36:04.467603Z",
      "stabilities": [
        "unstable"
      ],
      "unfree": false,
      "version": "3.48.0",
      "outputs_to_install": [
        "out"
      ],
      "outputs": {
        "out": "/nix/store/gak3jfx9splyph60r0vvvv24vjcwyakx-go-task-3.48.0"
      },
      "system": "x86_64-linux",
      "group": "toplevel",
      "priority": 5
    },
    {
      "attr_path": "markdownlint-cli",
      "broken": false,
      "derivation": "/nix/store/73s87kdamnsl4ap23f0d0zkxh3pfp2ja-markdownlint-cli-0.48.0.drv",
      "description": "Command line interface for MarkdownLint",
      "install_id": "markdownlint-cli",
      "license": "MIT",
      "locked_url": "https://github.com/flox/nixpkgs?rev=da5ad661ba4e5ef59ba743f0d112cbc30e474f32",
      "name": "markdownlint-cli-0.48.0",
      "pname": "markdownlint-cli",
      "rev": "da5ad661ba4e5ef59ba743f0d112cbc30e474f32",
      "rev_count": 995699,
      "rev_date": "2026-05-10T19:57:52Z",
      "scrape_date": "2026-05-13T08:53:02.494429Z",
      "stabilities": [
        "unstable"
      ],
      "unfree": false,
      "version": "0.48.0",
      "outputs_to_install": [
        "out"
      ],
      "outputs": {
        "out": "/nix/store/375943y8zpzmxipls055d6bkp48yy68k-markdownlint-cli-0.48.0"
      },
      "system": "aarch64-darwin",
      "group": "toplevel",
      "priority": 5
    },
    {
      "attr_path": "markdownlint-cli",
      "broken": false,
      "derivation": "/nix/store/0hknmdjnz90vd1mjx0ka35k54dgdmwry-markdownlint-cli-0.48.0.drv",
      "description": "Command line interface for MarkdownLint",
      "install_id": "markdownlint-cli",
      "license": "MIT",
      "locked_url": "https://github.com/flox/nixpkgs?rev=da5ad661ba4e5ef59ba743f0d112cbc30e474f32",
      "name": "markdownlint-cli-0.48.0",
      "pname": "markdownlint-cli",
      "rev": "da5ad661ba4e5ef59ba743f0d112cbc30e474f32",
      "rev_count": 995699,
      "rev_date": "2026-05-10T19:57:52Z",
      "scrape_date": "2026-05-13T09:22:49.200757Z",
      "stabilities": [
        "unstable"
      ],
      "unfree": false,
      "version": "0.48.0",
      "outputs_to_install": [
        "out"
      ],
      "outputs": {
        "out": "/nix/store/nh1iablhmj7n806b6y72bmh0c9aix7d0-markdownlint-cli-0.48.0"
      },
      "system": "aarch64-linux",
      "group": "toplevel",
      "priority": 5
    },
    {
      "attr_path": "markdownlint-cli",
      "broken": false,
      "derivation": "/nix/store/1jz4sryli1vdzajqmbq9fdsnp82ifvry-markdownlint-cli-0.48.0.drv",
      "description": "Command line interface for MarkdownLint",
      "install_id": "markdownlint-cli",
      "license": "MIT",
      "locked_url": "https://github.com/flox/nixpkgs?rev=da5ad661ba4e5ef59ba743f0d112cbc30e474f32",
      "name": "markdownlint-cli-0.48.0",
      "pname": "markdownlint-cli",
      "rev": "da5ad661ba4e5ef59ba743f0d112cbc30e474f32",
      "rev_count": 995699,
      "rev_date": "2026-05-10T19:57:52Z",
      "scrape_date": "2026-05-13T09:55:44.508258Z",
      "stabilities": [
        "unstable"
      ],
      "unfree": false,
      "version": "0.48.0",
      "outputs_to_install": [
        "out"
      ],
      "outputs": {
        "out": "/nix/store/b0wcf7mlj7pa5r5al36i84jjgr7l9802-markdownlint-cli-0.48.0"
      },
      "system": "x86_64-darwin",
      "group": "toplevel",
      "priority": 5
    },
    {
      "attr_path": "markdownlint-cli",
      "broken": false,
      "derivation": "/nix/store/rn9qpib508cxcyi4gavfln1s9a3xlq7c-markdownlint-cli-0.48.0.drv",
      "description": "Command line interface for MarkdownLint",
      "install_id": "markdownlint-cli",
      "license": "MIT",
      "locked_url": "https://github.com/flox/nixpkgs?rev=da5ad661ba4e5ef59ba743f0d112cbc30e474f32",
      "name": "markdownlint-cli-0.48.0",
      "pname": "markdownlint-cli",
      "rev": "da5ad661ba4e5ef59ba743f0d112cbc30e474f32",
      "rev_count": 995699,
      "rev_date": "2026-05-10T19:57:52Z",
      "scrape_date": "2026-05-13T10:36:38.000296Z",
      "stabilities": [
        "unstable"
      ],
      "unfree": false,
      "version": "0.48.0",
      "outputs_to_install": [
        "out"
      ],
      "outputs": {
        "out": "/nix/store/fa2dd63i6mg5ny73799ndmm20yin8575-markdownlint-cli-0.48.0"
      },
      "system": "x86_64-linux",
      "group": "toplevel",
      "priority": 5
    },
    {
      "attr_path": "rustc",
      "broken": false,
      "derivation": "/nix/store/3msjq4z6a0qs0mxnd1xppwv1wphr4f5v-rustc-wrapper-1.94.1.drv",
      "description": "Safe, concurrent, practical language (wrapper script)",
      "install_id": "rustc",
      "license": "[ MIT, Apache-2.0 ]",
      "locked_url": "https://github.com/flox/nixpkgs?rev=da5ad661ba4e5ef59ba743f0d112cbc30e474f32",
      "name": "rustc-wrapper-1.94.1",
      "pname": "rustc",
      "rev": "da5ad661ba4e5ef59ba743f0d112cbc30e474f32",
      "rev_count": 995699,
      "rev_date": "2026-05-10T19:57:52Z",
      "scrape_date": "2026-05-13T08:54:12.827660Z",
      "stabilities": [
        "unstable"
      ],
      "unfree": false,
      "version": "1.94.1",
      "outputs_to_install": [
        "man",
        "out"
      ],
      "outputs": {
        "doc": "/nix/store/d0h4z9rx30ipgxb0r8pp2iy01fqmbvdn-rustc-wrapper-1.94.1-doc",
        "man": "/nix/store/gljrw9zcrgnbmwgdxpw75klxf26i81sa-rustc-wrapper-1.94.1-man",
        "out": "/nix/store/ldg6i5q2wwb0j4nnd1939cn7hdlsf8xl-rustc-wrapper-1.94.1"
      },
      "system": "aarch64-darwin",
      "group": "toplevel",
      "priority": 5
    },
    {
      "attr_path": "rustc",
      "broken": false,
      "derivation": "/nix/store/fvbwagcgcii8wyiqsnzcqwg7298504zm-rustc-wrapper-1.94.1.drv",
      "description": "Safe, concurrent, practical language (wrapper script)",
      "install_id": "rustc",
      "license": "[ MIT, Apache-2.0 ]",
      "locked_url": "https://github.com/flox/nixpkgs?rev=da5ad661ba4e5ef59ba743f0d112cbc30e474f32",
      "name": "rustc-wrapper-1.94.1",
      "pname": "rustc",
      "rev": "da5ad661ba4e5ef59ba743f0d112cbc30e474f32",
      "rev_count": 995699,
      "rev_date": "2026-05-10T19:57:52Z",
      "scrape_date": "2026-05-13T09:24:24.695290Z",
      "stabilities": [
        "unstable"
      ],
      "unfree": false,
      "version": "1.94.1",
      "outputs_to_install": [
        "man",
        "out"
      ],
      "outputs": {
        "doc": "/nix/store/impmc1i7ifkbd4wvlxcybi0jhrafwxgb-rustc-wrapper-1.94.1-doc",
        "man": "/nix/store/fvzjq79fryqp523s5dyqfwyfj2wi8afb-rustc-wrapper-1.94.1-man",
        "out": "/nix/store/ixn1awaxpvayfp5na0b2gr0kianim6g8-rustc-wrapper-1.94.1"
      },
      "system": "aarch64-linux",
      "group": "toplevel",
      "priority": 5
    },
    {
      "attr_path": "rustc",
      "broken": false,
      "derivation": "/nix/store/y0y11mhs509vyffn4adc2vbjlhrl7pn0-rustc-wrapper-1.94.1.drv",
      "description": "Safe, concurrent, practical language (wrapper script)",
      "install_id": "rustc",
      "license": "[ MIT, Apache-2.0 ]",
      "locked_url": "https://github.com/flox/nixpkgs?rev=da5ad661ba4e5ef59ba743f0d112cbc30e474f32",
      "name": "rustc-wrapper-1.94.1",
      "pname": "rustc",
      "rev": "da5ad661ba4e5ef59ba743f0d112cbc30e474f32",
      "rev_count": 995699,
      "rev_date": "2026-05-10T19:57:52Z",
      "scrape_date": "2026-05-13T09:56:59.494100Z",
      "stabilities": [
        "unstable"
      ],
      "unfree": false,
      "version": "1.94.1",
      "outputs_to_install": [
        "man",
        "out"
      ],
      "outputs": {
        "doc": "/nix/store/f2iqkj8xgpjqsh9idpywrg7bgh16jw2i-rustc-wrapper-1.94.1-doc",
        "man": "/nix/store/wzrjq7km3gicbw2ag873hd9yf8qk2rn8-rustc-wrapper-1.94.1-man",
        "out": "/nix/store/szlbg4mqziywqn196x89q6n7xqdbx7dz-rustc-wrapper-1.94.1"
      },
      "system": "x86_64-darwin",
      "group": "toplevel",
      "priority": 5
    },
    {
      "attr_path": "rustc",
      "broken": false,
      "derivation": "/nix/store/34lw9r8f40vpbldnjl63yvbfcijid75z-rustc-wrapper-1.94.1.drv",
      "description": "Safe, concurrent, practical language (wrapper script)",
      "install_id": "rustc",
      "license": "[ MIT, Apache-2.0 ]",
      "locked_url": "https://github.com/flox/nixpkgs?rev=da5ad661ba4e5ef59ba743f0d112cbc30e474f32",
      "name": "rustc-wrapper-1.94.1",
      "pname": "rustc",
      "rev": "da5ad661ba4e5ef59ba743f0d112cbc30e474f32",
      "rev_count": 995699,
      "rev_date": "2026-05-10T19:57:52Z",
      "scrape_date": "2026-05-13T10:38:12.539686Z",
      "stabilities": [
        "unstable"
      ],
      "unfree": false,
      "version": "1.94.1",
      "outputs_to_install": [
        "man",
        "out"
      ],
      "outputs": {
        "doc": "/nix/store/kbnirgis5p5wlqb3wk11vgxa0c966lck-rustc-wrapper-1.94.1-doc",
        "man": "/nix/store/h68fmikviqzaspyx3ccghx6cvr69cds3-rustc-wrapper-1.94.1-man",
        "out": "/nix/store/ph8jb0mw89p4lfshpp36z70l6r4kg3vh-rustc-wrapper-1.94.1"
      },
      "system": "x86_64-linux",
      "group": "toplevel",
      "priority": 5
    },
    {
      "attr_path": "rustfmt",
      "broken": false,
      "derivation": "/nix/store/yf6l5qa8dh4r7k9qw5pjykkhw0v50rrx-rustfmt-1.94.1.drv",
      "description": "Tool for formatting Rust code according to style guidelines",
      "install_id": "rustfmt",
      "license": "[ MIT, Apache-2.0 ]",
      "locked_url": "https://github.com/flox/nixpkgs?rev=da5ad661ba4e5ef59ba743f0d112cbc30e474f32",
      "name": "rustfmt-1.94.1",
      "pname": "rustfmt",
      "rev": "da5ad661ba4e5ef59ba743f0d112cbc30e474f32",
      "rev_count": 995699,
      "rev_date": "2026-05-10T19:57:52Z",
      "scrape_date": "2026-05-13T08:54:12.851863Z",
      "stabilities": [
        "unstable"
      ],
      "unfree": false,
      "version": "1.94.1",
      "outputs_to_install": [
        "out"
      ],
      "outputs": {
        "out": "/nix/store/371msib7kcxjsjhck6562pfa0q9nn8mw-rustfmt-1.94.1"
      },
      "system": "aarch64-darwin",
      "group": "toplevel",
      "priority": 5
    },
    {
      "attr_path": "rustfmt",
      "broken": false,
      "derivation": "/nix/store/1f1bfph1l9a0m5pn995ig3q7w3qwd2fk-rustfmt-1.94.1.drv",
      "description": "Tool for formatting Rust code according to style guidelines",
      "install_id": "rustfmt",
      "license": "[ MIT, Apache-2.0 ]",
      "locked_url": "https://github.com/flox/nixpkgs?rev=da5ad661ba4e5ef59ba743f0d112cbc30e474f32",
      "name": "rustfmt-1.94.1",
      "pname": "rustfmt",
      "rev": "da5ad661ba4e5ef59ba743f0d112cbc30e474f32",
      "rev_count": 995699,
      "rev_date": "2026-05-10T19:57:52Z",
      "scrape_date": "2026-05-13T09:24:24.728916Z",
      "stabilities": [
        "unstable"
      ],
      "unfree": false,
      "version": "1.94.1",
      "outputs_to_install": [
        "out"
      ],
      "outputs": {
        "out": "/nix/store/y466x0p4r8qjz5z4qpcjd16y8vmlzhl3-rustfmt-1.94.1"
      },
      "system": "aarch64-linux",
      "group": "toplevel",
      "priority": 5
    },
    {
      "attr_path": "rustfmt",
      "broken": false,
      "derivation": "/nix/store/jrs8w47rpisa1czwymgjrzah4nr6bp6n-rustfmt-1.94.1.drv",
      "description": "Tool for formatting Rust code according to style guidelines",
      "install_id": "rustfmt",
      "license": "[ MIT, Apache-2.0 ]",
      "locked_url": "https://github.com/flox/nixpkgs?rev=da5ad661ba4e5ef59ba743f0d112cbc30e474f32",
      "name": "rustfmt-1.94.1",
      "pname": "rustfmt",
      "rev": "da5ad661ba4e5ef59ba743f0d112cbc30e474f32",
      "rev_count": 995699,
      "rev_date": "2026-05-10T19:57:52Z",
      "scrape_date": "2026-05-13T09:56:59.520842Z",
      "stabilities": [
        "unstable"
      ],
      "unfree": false,
      "version": "1.94.1",
      "outputs_to_install": [
        "out"
      ],
      "outputs": {
        "out": "/nix/store/xz887wb672i5sb1p5yj8mjm1190np784-rustfmt-1.94.1"
      },
      "system": "x86_64-darwin",
      "group": "toplevel",
      "priority": 5
    },
    {
      "attr_path": "rustfmt",
      "broken": false,
      "derivation": "/nix/store/5xygardg1xh6kqd7rz89dy522n4bsisq-rustfmt-1.94.1.drv",
      "description": "Tool for formatting Rust code according to style guidelines",
      "install_id": "rustfmt",
      "license": "[ MIT, Apache-2.0 ]",
      "locked_url": "https://github.com/flox/nixpkgs?rev=da5ad661ba4e5ef59ba743f0d112cbc30e474f32",
      "name": "rustfmt-1.94.1",
      "pname": "rustfmt",
      "rev": "da5ad661ba4e5ef59ba743f0d112cbc30e474f32",
      "rev_count": 995699,
      "rev_date": "2026-05-10T19:57:52Z",
      "scrape_date": "2026-05-13T10:38:12.572945Z",
      "stabilities": [
        "unstable"
      ],
      "unfree": false,
      "version": "1.94.1",
      "outputs_to_install": [
        "out"
      ],
      "outputs": {
        "out": "/nix/store/rsshbz486a0ka567awpbkbawaqdr40pd-rustfmt-1.94.1"
      },
      "system": "x86_64-linux",
      "group": "toplevel",
      "priority": 5
    },
    {
      "install_id": "infer",
      "locked-url": "github:inference-gateway/cli/3de9e0875d4d12481d889250faf0fb4cedf1e7da?narHash=sha256-FcDHtUdl3AmhRKuJKIiHo33PwCPaZKd8A87KIq7ZK0c%3D",
      "flake-description": "Inference Gateway CLI - infer",
      "locked-flake-attr-path": "packages.aarch64-darwin.default",
      "derivation": "/nix/store/90ncy4hvvac1m8pay4hncf8zd77jdv67-infer-0.109.6.drv",
      "outputs": {
        "out": "/nix/store/xkm1w72vsd8lps6cccd5q8fdwlf5dadr-infer-0.109.6"
      },
      "output-names": [
        "out"
      ],
      "outputs-to-install": [
        "out"
      ],
      "requested-outputs-to-install": [],
      "package-system": "aarch64-darwin",
      "system": "aarch64-darwin",
      "name": "infer-0.109.6",
      "pname": "infer",
      "version": "0.109.6",
      "description": "Command-line interface for the Inference Gateway - AI model interaction manager",
      "licenses": [
        "MIT"
      ],
      "broken": false,
      "unfree": false,
      "priority": 5
    },
    {
      "install_id": "infer",
      "locked-url": "github:inference-gateway/cli/3de9e0875d4d12481d889250faf0fb4cedf1e7da?narHash=sha256-FcDHtUdl3AmhRKuJKIiHo33PwCPaZKd8A87KIq7ZK0c%3D",
      "flake-description": "Inference Gateway CLI - infer",
      "locked-flake-attr-path": "packages.aarch64-linux.default",
      "derivation": "/nix/store/6ydbghaypx9ai6gs1xn0v9k7pw933qy1-infer-0.109.6.drv",
      "outputs": {
        "out": "/nix/store/syrzmxq8blihmy9n35xr6741900cb6n1-infer-0.109.6"
      },
      "output-names": [
        "out"
      ],
      "outputs-to-install": [
        "out"
      ],
      "requested-outputs-to-install": [],
      "package-system": "aarch64-linux",
      "system": "aarch64-linux",
      "name": "infer-0.109.6",
      "pname": "infer",
      "version": "0.109.6",
      "description": "Command-line interface for the Inference Gateway - AI model interaction manager",
      "licenses": [
        "MIT"
      ],
      "broken": false,
      "unfree": false,
      "priority": 5
    },
    {
      "install_id": "infer",
      "locked-url": "github:inference-gateway/cli/3de9e0875d4d12481d889250faf0fb4cedf1e7da?narHash=sha256-FcDHtUdl3AmhRKuJKIiHo33PwCPaZKd8A87KIq7ZK0c%3D",
      "flake-description": "Inference Gateway CLI - infer",
      "locked-flake-attr-path": "packages.x86_64-darwin.default",
      "derivation": "/nix/store/rayimm7ac497acnz7xydxnlzjyfxk34b-infer-0.109.6.drv",
      "outputs": {
        "out": "/nix/store/j74y9qb48ky84k1v6lfyxvyj9a3qndj3-infer-0.109.6"
      },
      "output-names": [
        "out"
      ],
      "outputs-to-install": [
        "out"
      ],
      "requested-outputs-to-install": [],
      "package-system": "x86_64-darwin",
      "system": "x86_64-darwin",
      "name": "infer-0.109.6",
      "pname": "infer",
      "version": "0.109.6",
      "description": "Command-line interface for the Inference Gateway - AI model interaction manager",
      "licenses": [
        "MIT"
      ],
      "broken": false,
      "unfree": false,
      "priority": 5
    },
    {
      "install_id": "infer",
      "locked-url": "github:inference-gateway/cli/3de9e0875d4d12481d889250faf0fb4cedf1e7da?narHash=sha256-FcDHtUdl3AmhRKuJKIiHo33PwCPaZKd8A87KIq7ZK0c%3D",
      "flake-description": "Inference Gateway CLI - infer",
      "locked-flake-attr-path": "packages.x86_64-linux.default",
      "derivation": "/nix/store/pnawcnycn9ysbqbgkg7dln9193raqrv5-infer-0.109.6.drv",
      "outputs": {
        "out": "/nix/store/ff42w9y8irgqkdxh05a82fq5rhdcw8ax-infer-0.109.6"
      },
      "output-names": [
        "out"
      ],
      "outputs-to-install": [
        "out"
      ],
      "requested-outputs-to-install": [],
      "package-system": "x86_64-linux",
      "system": "x86_64-linux",
      "name": "infer-0.109.6",
      "pname": "infer",
      "version": "0.109.6",
      "description": "Command-line interface for the Inference Gateway - AI model interaction manager",
      "licenses": [
        "MIT"
      ],
      "broken": false,
      "unfree": false,
      "priority": 5
    }
  ]
}
